# THIS IS AN AUTOGENERATED FILE. DO NOT EDIT THIS FILE DIRECTLY.
# yarn lockfile v1


"@remix-run/router@1.0.5":
  version "1.0.5"
  resolved "https://registry.yarnpkg.com/@remix-run/router/-/router-1.0.5.tgz#d5c65626add4c3c185a89aa5bd38b1e42daec075"
  integrity sha512-my0Mycd+jruq/1lQuO5LBB6WTlL/e8DTCYWp44DfMTDcXz8DcTlgF0ISaLsGewt+ctHN+yA8xMq3q/N7uWJPug==

react-router-dom@^6.4.5:
  version "6.4.5"
  resolved "https://registry.yarnpkg.com/react-router-dom/-/react-router-dom-6.4.5.tgz#4fdb12efef4f3848c693a76afbeaed1f6ca02047"
  integrity sha512-a7HsgikBR0wNfroBHcZUCd9+mLRqZS8R5U1Z1mzLWxFXEkUT3vR1XXmSIVoVpxVX8Bar0nQYYYc9Yipq8dWwAA==
  dependencies:
    "@remix-run/router" "1.0.5"
    react-router "6.4.5"

react-router@6.4.5:
  version "6.4.5"
  resolved "https://registry.yarnpkg.com/react-router/-/react-router-6.4.5.tgz#73f382af2c8b9a86d74e761a7c5fc3ce7cb0024d"
  integrity sha512-1RQJ8bM70YEumHIlNUYc6mFfUDoWa5EgPDenK/fq0bxD8DYpQUi/S6Zoft+9DBrh2xmtg92N5HMAJgGWDhKJ5Q==
  dependencies:
    "@remix-run/router" "1.0.5"
